{
  "nodes": {
    "fdbPkg": {
      "inputs": {
        "flakeUtils": "flakeUtils",
        "nixpkgs": "nixpkgs"
      },
      "locked": {
        "lastModified": 1702180668,
        "narHash": "sha256-vOHpaR1Fvbp7QZXqpHSIAUko7D/yUF3VnSRaRWTdjp8=",
        "owner": "shopstic",
        "repo": "nix-fdb",
        "rev": "f1e4098e50063b504682db64f48396be5b8986c3",
        "type": "github"
      },
      "original": {
        "owner": "shopstic",
        "ref": "7.1.45",
        "repo": "nix-fdb",
        "type": "github"
      }
    },
    "flake-utils": {
      "inputs": {
        "systems": "systems_3"
      },
      "locked": {
        "lastModified": 1694529238,
        "narHash": "sha256-zsNZZGTGnMOf9YpHKJqMSsa0dXbfmxeoJ7xHlrt+xmY=",
        "owner": "numtide",
        "repo": "flake-utils",
        "rev": "ff7b65b44d01cf9ba6a71320833626af21126384",
        "type": "github"
      },
      "original": {
        "owner": "numtide",
        "repo": "flake-utils",
        "type": "github"
      }
    },
    "flakeUtils": {
      "inputs": {
        "systems": "systems"
      },
      "locked": {
        "lastModified": 1701680307,
        "narHash": "sha256-kAuep2h5ajznlPMD9rnQyffWG8EM/C73lejGofXvdM8=",
        "owner": "numtide",
        "repo": "flake-utils",
        "rev": "4022d587cbbfd70fe950c1e2083a02621806a725",
        "type": "github"
      },
      "original": {
        "owner": "numtide",
        "repo": "flake-utils",
        "type": "github"
      }
    },
    "flakeUtils_2": {
      "inputs": {
        "systems": "systems_2"
      },
      "locked": {
        "lastModified": 1701680307,
        "narHash": "sha256-kAuep2h5ajznlPMD9rnQyffWG8EM/C73lejGofXvdM8=",
        "owner": "numtide",
        "repo": "flake-utils",
        "rev": "4022d587cbbfd70fe950c1e2083a02621806a725",
        "type": "github"
      },
      "original": {
        "owner": "numtide",
        "repo": "flake-utils",
        "type": "github"
      }
    },
    "hotPot": {
      "inputs": {
        "fdbPkg": "fdbPkg",
        "flakeUtils": "flakeUtils_2",
        "nix2containerPkg": "nix2containerPkg",
        "nixpkgs": "nixpkgs_2",
        "npmlock2nixPkg": "npmlock2nixPkg"
      },
      "locked": {
        "lastModified": 1703703647,
        "narHash": "sha256-8iHtkWRewNobd8ASPbLzBePDlK7PROu4HoQzq7VOjRA=",
        "owner": "shopstic",
        "repo": "nix-hot-pot",
        "rev": "59349e94fa1444b923c087fc068c243d5fb92bea",
        "type": "github"
      },
      "original": {
        "owner": "shopstic",
        "repo": "nix-hot-pot",
        "type": "github"
      }
    },
    "nix2containerPkg": {
      "inputs": {
        "flake-utils": "flake-utils",
        "nixpkgs": [
          "hotPot",
          "nixpkgs"
        ]
      },
      "locked": {
        "lastModified": 1701981188,
        "narHash": "sha256-oXFdqisYyJ77yDZ3OaAGp+GYUS6e3tWFuavl/AgBdRI=",
        "owner": "nlewo",
        "repo": "nix2container",
        "rev": "3e84a0a7b94419846acd9c52c4c497c618b2cb7e",
        "type": "github"
      },
      "original": {
        "owner": "nlewo",
        "repo": "nix2container",
        "rev": "3e84a0a7b94419846acd9c52c4c497c618b2cb7e",
        "type": "github"
      }
    },
    "nixpkgs": {
      "locked": {
        "lastModified": 1701952659,
        "narHash": "sha256-TJv2srXt6fYPUjxgLAL0cy4nuf1OZD4KuA1TrCiQqg0=",
        "owner": "nixos",
        "repo": "nixpkgs",
        "rev": "b4372c4924d9182034066c823df76d6eaf1f4ec4",
        "type": "github"
      },
      "original": {
        "owner": "nixos",
        "ref": "nixos-23.11",
        "repo": "nixpkgs",
        "type": "github"
      }
    },
    "nixpkgs_2": {
      "locked": {
        "lastModified": 1703467016,
        "narHash": "sha256-/5A/dNPhbQx/Oa2d+Get174eNI3LERQ7u6WTWOlR1eQ=",
        "owner": "nixos",
        "repo": "nixpkgs",
        "rev": "d02d818f22c777aa4e854efc3242ec451e5d462a",
        "type": "github"
      },
      "original": {
        "owner": "nixos",
        "ref": "nixos-23.11",
        "repo": "nixpkgs",
        "type": "github"
      }
    },
    "npmlock2nixPkg": {
      "flake": false,
      "locked": {
        "lastModified": 1673447413,
        "narHash": "sha256-sJM82Sj8yfQYs9axEmGZ9Evzdv/kDcI9sddqJ45frrU=",
        "owner": "nix-community",
        "repo": "npmlock2nix",
        "rev": "9197bbf397d76059a76310523d45df10d2e4ca81",
        "type": "github"
      },
      "original": {
        "owner": "nix-community",
        "repo": "npmlock2nix",
        "rev": "9197bbf397d76059a76310523d45df10d2e4ca81",
        "type": "github"
      }
    },
    "root": {
      "inputs": {
        "fdb": [
          "hotPot",
          "fdbPkg"
        ],
        "flakeUtils": [
          "hotPot",
          "flakeUtils"
        ],
        "hotPot": "hotPot",
        "nixpkgs": [
          "hotPot",
          "nixpkgs"
        ]
      }
    },
    "systems": {
      "locked": {
        "lastModified": 1681028828,
        "narHash": "sha256-Vy1rq5AaRuLzOxct8nz4T6wlgyUR7zLU309k9mBC768=",
        "owner": "nix-systems",
        "repo": "default",
        "rev": "da67096a3b9bf56a91d16901293e51ba5b49a27e",
        "type": "github"
      },
      "original": {
        "owner": "nix-systems",
        "repo": "default",
        "type": "github"
      }
    },
    "systems_2": {
      "locked": {
        "lastModified": 1681028828,
        "narHash": "sha256-Vy1rq5AaRuLzOxct8nz4T6wlgyUR7zLU309k9mBC768=",
        "owner": "nix-systems",
        "repo": "default",
        "rev": "da67096a3b9bf56a91d16901293e51ba5b49a27e",
        "type": "github"
      },
      "original": {
        "owner": "nix-systems",
        "repo": "default",
        "type": "github"
      }
    },
    "systems_3": {
      "locked": {
        "lastModified": 1681028828,
        "narHash": "sha256-Vy1rq5AaRuLzOxct8nz4T6wlgyUR7zLU309k9mBC768=",
        "owner": "nix-systems",
        "repo": "default",
        "rev": "da67096a3b9bf56a91d16901293e51ba5b49a27e",
        "type": "github"
      },
      "original": {
        "owner": "nix-systems",
        "repo": "default",
        "type": "github"
      }
    }
  },
  "root": "root",
  "version": 7
}
