{
  "nodes": {
    "fdbPkg": {
      "inputs": {
        "flakeUtils": "flakeUtils",
        "nixpkgs": "nixpkgs"
      },
      "locked": {
        "lastModified": 1662982598,
        "narHash": "sha256-DDlxSJhHzBL3tvp+Wxa8rOTTpTtH8YjqSI6BS6pC3XY=",
        "owner": "shopstic",
        "repo": "nix-fdb",
        "rev": "21ac866940d56f3016c0978f6ddc61f45d0088d6",
        "type": "github"
      },
      "original": {
        "owner": "shopstic",
        "repo": "nix-fdb",
        "rev": "21ac866940d56f3016c0978f6ddc61f45d0088d6",
        "type": "github"
      }
    },
    "flake-utils": {
      "locked": {
        "lastModified": 1653893745,
        "narHash": "sha256-0jntwV3Z8//YwuOjzhV2sgJJPt+HY6KhU7VZUL0fKZQ=",
        "owner": "numtide",
        "repo": "flake-utils",
        "rev": "1ed9fb1935d260de5fe1c2f7ee0ebaae17ed2fa1",
        "type": "github"
      },
      "original": {
        "owner": "numtide",
        "repo": "flake-utils",
        "type": "github"
      }
    },
    "flakeUtils": {
      "locked": {
        "lastModified": 1659877975,
        "narHash": "sha256-zllb8aq3YO3h8B/U0/J1WBgAL8EX5yWf5pMj3G0NAmc=",
        "owner": "numtide",
        "repo": "flake-utils",
        "rev": "c0e246b9b83f637f4681389ecabcb2681b4f3af0",
        "type": "github"
      },
      "original": {
        "owner": "numtide",
        "repo": "flake-utils",
        "type": "github"
      }
    },
    "flakeUtils_2": {
      "locked": {
        "lastModified": 1667395993,
        "narHash": "sha256-nuEHfE/LcWyuSWnS8t12N1wc105Qtau+/OdUAjtQ0rA=",
        "owner": "numtide",
        "repo": "flake-utils",
        "rev": "5aed5285a952e0b949eb3ba02c12fa4fcfef535f",
        "type": "github"
      },
      "original": {
        "owner": "numtide",
        "repo": "flake-utils",
        "type": "github"
      }
    },
    "hotPot": {
      "inputs": {
        "fdbPkg": "fdbPkg",
        "flakeUtils": "flakeUtils_2",
        "nix2containerPkg": "nix2containerPkg",
        "nixpkgs": "nixpkgs_2",
        "npmlock2nixPkg": "npmlock2nixPkg"
      },
      "locked": {
        "lastModified": 1670070873,
        "narHash": "sha256-uaM8qUC6FrIlsU0OunOjW29yVfrHv1jzS6+EcmhriZ0=",
        "owner": "shopstic",
        "repo": "nix-hot-pot",
        "rev": "efab124e14ebc8698bf6352bfe154b201f3165ed",
        "type": "github"
      },
      "original": {
        "owner": "shopstic",
        "repo": "nix-hot-pot",
        "type": "github"
      }
    },
    "nix2containerPkg": {
      "inputs": {
        "flake-utils": "flake-utils",
        "nixpkgs": [
          "hotPot",
          "nixpkgs"
        ]
      },
      "locked": {
        "lastModified": 1668413124,
        "narHash": "sha256-k0hGnuVjn6pFXmy4yYxpNuRXh/zR1KXB4l1EcAlQMzI=",
        "owner": "nlewo",
        "repo": "nix2container",
        "rev": "f128a164fed3aa97ae8cf15cd7cb15709178dda4",
        "type": "github"
      },
      "original": {
        "owner": "nlewo",
        "repo": "nix2container",
        "type": "github"
      }
    },
    "nixpkgs": {
      "locked": {
        "lastModified": 1662874738,
        "narHash": "sha256-kG29aU9f5UTWhPf/QEh5LanDmqqbbcErWYAcPptC/Cg=",
        "owner": "nixos",
        "repo": "nixpkgs",
        "rev": "dd1f4d982445a7d1b1869baa42f8f0f9bc606714",
        "type": "github"
      },
      "original": {
        "owner": "nixos",
        "ref": "nixos-22.05",
        "repo": "nixpkgs",
        "type": "github"
      }
    },
    "nixpkgs_2": {
      "locked": {
        "lastModified": 1669833724,
        "narHash": "sha256-/HEZNyGbnQecrgJnfE8d0WC5c1xuPSD2LUpB6YXlg4c=",
        "owner": "nixos",
        "repo": "nixpkgs",
        "rev": "4d2b37a84fad1091b9de401eb450aae66f1a741e",
        "type": "github"
      },
      "original": {
        "owner": "nixos",
        "ref": "22.11",
        "repo": "nixpkgs",
        "type": "github"
      }
    },
    "npmlock2nixPkg": {
      "flake": false,
      "locked": {
        "lastModified": 1654775747,
        "narHash": "sha256-9pXHDpIjmsK5390wmpGHu9aA4QOPpegPBvThHeBlef4=",
        "owner": "nix-community",
        "repo": "npmlock2nix",
        "rev": "5c4f247688fc91d665df65f71c81e0726621aaa8",
        "type": "github"
      },
      "original": {
        "owner": "nix-community",
        "repo": "npmlock2nix",
        "rev": "5c4f247688fc91d665df65f71c81e0726621aaa8",
        "type": "github"
      }
    },
    "root": {
      "inputs": {
        "fdb": [
          "hotPot",
          "fdbPkg"
        ],
        "flakeUtils": [
          "hotPot",
          "flakeUtils"
        ],
        "hotPot": "hotPot",
        "nixpkgs": [
          "hotPot",
          "nixpkgs"
        ]
      }
    }
  },
  "root": "root",
  "version": 7
}
